
Microsoft Visual Studio Solution File, Format Version 12.00
# Visual Studio Version 16
VisualStudioVersion = 16.0.31515.178
MinimumVisualStudioVersion = 10.0.40219.1
Project("{9A19103F-16F7-4668-BE54-9A1E7A4F7556}") = "SimpleSecureChat", "SimpleSecureChat\SimpleSecureChat.csproj", "{B52D3074-0560-4086-9BEE-D82C0D3CADEE}"
EndProject
Project("{FAE04EC0-301F-11D3-BF4B-00C04F79EFBC}") = "SimpleSecureChatAPI", "SimpleSecureChatAPI\SimpleSecureChatAPI\SimpleSecureChatAPI.csproj", "{94031686-AEA3-43E6-BC42-C94A4932CA6F}"
EndProject
Global
	GlobalSection(SolutionConfigurationPlatforms) = preSolution
		Debug|Any CPU = Debug|Any CPU
		Release|Any CPU = Release|Any CPU
	EndGlobalSection
	GlobalSection(ProjectConfigurationPlatforms) = postSolution
		{B52D3074-0560-4086-9BEE-D82C0D3CADEE}.Debug|Any CPU.ActiveCfg = Debug|Any CPU
		{B52D3074-0560-4086-9BEE-D82C0D3CADEE}.Debug|Any CPU.Build.0 = Debug|Any CPU
		{B52D3074-0560-4086-9BEE-D82C0D3CADEE}.Release|Any CPU.ActiveCfg = Release|Any CPU
		{B52D3074-0560-4086-9BEE-D82C0D3CADEE}.Release|Any CPU.Build.0 = Release|Any CPU
		{94031686-AEA3-43E6-BC42-C94A4932CA6F}.Debug|Any CPU.ActiveCfg = Debug|Any CPU
		{94031686-AEA3-43E6-BC42-C94A4932CA6F}.Debug|Any CPU.Build.0 = Debug|Any CPU
		{94031686-AEA3-43E6-BC42-C94A4932CA6F}.Release|Any CPU.ActiveCfg = Release|Any CPU
		{94031686-AEA3-43E6-BC42-C94A4932CA6F}.Release|Any CPU.Build.0 = Release|Any CPU
	EndGlobalSection
	GlobalSection(SolutionProperties) = preSolution
		HideSolutionNode = FALSE
	EndGlobalSection
	GlobalSection(ExtensibilityGlobals) = postSolution
		SolutionGuid = {88FA0C0C-B662-4541-BAAC-359EAE12ACF0}
	EndGlobalSection
EndGlobal
